
Microsoft Visual Studio Solution File, Format Version 12.00
# Visual Studio Version 16
VisualStudioVersion = 16.0.30011.22
MinimumVisualStudioVersion = 10.0.40219.1
Project("{9A19103F-16F7-4668-BE54-9A1E7A4F7556}") = "FeedbackService.AzureFunction", "FeedbackService\FeedbackService.AzureFunction\FeedbackService.AzureFunction.csproj", "{BB4F95E3-FEDC-4FAD-8DD7-0189985A25A0}"
EndProject
Project("{9A19103F-16F7-4668-BE54-9A1E7A4F7556}") = "FeedbackService.Core", "FeedbackService\FeedbackService.Core\FeedbackService.Core.csproj", "{D9A2D1F9-FFC2-4ACC-9AFE-55C6BEC33EF3}"
EndProject
Project("{9A19103F-16F7-4668-BE54-9A1E7A4F7556}") = "FeedbackService.Handlers", "FeedbackService\FeedbackService.Handlers\FeedbackService.Handlers.csproj", "{06DAF9B3-687A-430C-89FF-54DA98E56AC0}"
EndProject
Project("{9A19103F-16F7-4668-BE54-9A1E7A4F7556}") = "FeedbackService.Mappers", "FeedbackService\FeedbackService.Mappers\FeedbackService.Mappers.csproj", "{A09ABA06-734C-4126-BF13-334D7F0F7DC3}"
EndProject
Project("{9A19103F-16F7-4668-BE54-9A1E7A4F7556}") = "FeedbackService.Repo", "FeedbackService\FeedbackService.Repo\FeedbackService.Repo.csproj", "{F2B41DC2-A213-46DC-AB7B-C2153B54D567}"
EndProject
Project("{FAE04EC0-301F-11D3-BF4B-00C04F79EFBC}") = "FeedbackService.UnitTests", "FeedbackService.UnitTests\FeedbackService.UnitTests.csproj", "{DAB03298-890F-4C09-BD7F-641D5B1D28DF}"
EndProject
Global
	GlobalSection(SolutionConfigurationPlatforms) = preSolution
		Debug|Any CPU = Debug|Any CPU
		Release|Any CPU = Release|Any CPU
	EndGlobalSection
	GlobalSection(ProjectConfigurationPlatforms) = postSolution
		{BB4F95E3-FEDC-4FAD-8DD7-0189985A25A0}.Debug|Any CPU.ActiveCfg = Debug|Any CPU
		{BB4F95E3-FEDC-4FAD-8DD7-0189985A25A0}.Debug|Any CPU.Build.0 = Debug|Any CPU
		{BB4F95E3-FEDC-4FAD-8DD7-0189985A25A0}.Release|Any CPU.ActiveCfg = Release|Any CPU
		{BB4F95E3-FEDC-4FAD-8DD7-0189985A25A0}.Release|Any CPU.Build.0 = Release|Any CPU
		{D9A2D1F9-FFC2-4ACC-9AFE-55C6BEC33EF3}.Debug|Any CPU.ActiveCfg = Debug|Any CPU
		{D9A2D1F9-FFC2-4ACC-9AFE-55C6BEC33EF3}.Debug|Any CPU.Build.0 = Debug|Any CPU
		{D9A2D1F9-FFC2-4ACC-9AFE-55C6BEC33EF3}.Release|Any CPU.ActiveCfg = Release|Any CPU
		{D9A2D1F9-FFC2-4ACC-9AFE-55C6BEC33EF3}.Release|Any CPU.Build.0 = Release|Any CPU
		{06DAF9B3-687A-430C-89FF-54DA98E56AC0}.Debug|Any CPU.ActiveCfg = Debug|Any CPU
		{06DAF9B3-687A-430C-89FF-54DA98E56AC0}.Debug|Any CPU.Build.0 = Debug|Any CPU
		{06DAF9B3-687A-430C-89FF-54DA98E56AC0}.Release|Any CPU.ActiveCfg = Release|Any CPU
		{06DAF9B3-687A-430C-89FF-54DA98E56AC0}.Release|Any CPU.Build.0 = Release|Any CPU
		{A09ABA06-734C-4126-BF13-334D7F0F7DC3}.Debug|Any CPU.ActiveCfg = Debug|Any CPU
		{A09ABA06-734C-4126-BF13-334D7F0F7DC3}.Debug|Any CPU.Build.0 = Debug|Any CPU
		{A09ABA06-734C-4126-BF13-334D7F0F7DC3}.Release|Any CPU.ActiveCfg = Release|Any CPU
		{A09ABA06-734C-4126-BF13-334D7F0F7DC3}.Release|Any CPU.Build.0 = Release|Any CPU
		{F2B41DC2-A213-46DC-AB7B-C2153B54D567}.Debug|Any CPU.ActiveCfg = Debug|Any CPU
		{F2B41DC2-A213-46DC-AB7B-C2153B54D567}.Debug|Any CPU.Build.0 = Debug|Any CPU
		{F2B41DC2-A213-46DC-AB7B-C2153B54D567}.Release|Any CPU.ActiveCfg = Release|Any CPU
		{F2B41DC2-A213-46DC-AB7B-C2153B54D567}.Release|Any CPU.Build.0 = Release|Any CPU
		{DAB03298-890F-4C09-BD7F-641D5B1D28DF}.Debug|Any CPU.ActiveCfg = Debug|Any CPU
		{DAB03298-890F-4C09-BD7F-641D5B1D28DF}.Debug|Any CPU.Build.0 = Debug|Any CPU
		{DAB03298-890F-4C09-BD7F-641D5B1D28DF}.Release|Any CPU.ActiveCfg = Release|Any CPU
		{DAB03298-890F-4C09-BD7F-641D5B1D28DF}.Release|Any CPU.Build.0 = Release|Any CPU
	EndGlobalSection
	GlobalSection(SolutionProperties) = preSolution
		HideSolutionNode = FALSE
	EndGlobalSection
	GlobalSection(ExtensibilityGlobals) = postSolution
		SolutionGuid = {B7D45E6C-0E8D-4440-9C27-351697086274}
	EndGlobalSection
EndGlobal
